// !$*UTF8*$!
{
	archiveVersion = 1;
	classes = {
	};
	objectVersion = 55;
	objects = {

/* Begin PBXBuildFile section */
		163CB07F28391C17004F24AD /* AppDelegate.swift in Sources */ = {isa = PBXBuildFile; fileRef = 163CB07E28391C17004F24AD /* AppDelegate.swift */; };
		163CB08128391C17004F24AD /* SceneDelegate.swift in Sources */ = {isa = PBXBuildFile; fileRef = 163CB08028391C17004F24AD /* SceneDelegate.swift */; };
		163CB08328391C17004F24AD /* ViewController.swift in Sources */ = {isa = PBXBuildFile; fileRef = 163CB08228391C17004F24AD /* ViewController.swift */; };
		163CB08628391C17004F24AD /* Main.storyboard in Resources */ = {isa = PBXBuildFile; fileRef = 163CB08428391C17004F24AD /* Main.storyboard */; };
		163CB08828391C19004F24AD /* Assets.xcassets in Resources */ = {isa = PBXBuildFile; fileRef = 163CB08728391C19004F24AD /* Assets.xcassets */; };
		163CB08B28391C19004F24AD /* LaunchScreen.storyboard in Resources */ = {isa = PBXBuildFile; fileRef = 163CB08928391C19004F24AD /* LaunchScreen.storyboard */; };
		163CB096283A1A92004F24AD /* TextFiledCustom.swift in Sources */ = {isa = PBXBuildFile; fileRef = 163CB095283A1A92004F24AD /* TextFiledCustom.swift */; };
		163CB098283A1AA6004F24AD /* ButtonCustom.swift in Sources */ = {isa = PBXBuildFile; fileRef = 163CB097283A1AA6004F24AD /* ButtonCustom.swift */; };
/* End PBXBuildFile section */

/* Begin PBXFileReference section */
		163CB07B28391C17004F24AD /* On This Day.app */ = {isa = PBXFileReference; explicitFileType = wrapper.application; includeInIndex = 0; path = "On This Day.app"; sourceTree = BUILT_PRODUCTS_DIR; };
		163CB07E28391C17004F24AD /* AppDelegate.swift */ = {isa = PBXFileReference; lastKnownFileType = sourcecode.swift; path = AppDelegate.swift; sourceTree = "<group>"; };
		163CB08028391C17004F24AD /* SceneDelegate.swift */ = {isa = PBXFileReference; lastKnownFileType = sourcecode.swift; path = SceneDelegate.swift; sourceTree = "<group>"; };
		163CB08228391C17004F24AD /* ViewController.swift */ = {isa = PBXFileReference; lastKnownFileType = sourcecode.swift; path = ViewController.swift; sourceTree = "<group>"; };
		163CB08528391C17004F24AD /* Base */ = {isa = PBXFileReference; lastKnownFileType = file.storyboard; name = Base; path = Base.lproj/Main.storyboard; sourceTree = "<group>"; };
		163CB08728391C19004F24AD /* Assets.xcassets */ = {isa = PBXFileReference; lastKnownFileType = folder.assetcatalog; path = Assets.xcassets; sourceTree = "<group>"; };
		163CB08A28391C19004F24AD /* Base */ = {isa = PBXFileReference; lastKnownFileType = file.storyboard; name = Base; path = Base.lproj/LaunchScreen.storyboard; sourceTree = "<group>"; };
		163CB08C28391C19004F24AD /* Info.plist */ = {isa = PBXFileReference; lastKnownFileType = text.plist.xml; path = Info.plist; sourceTree = "<group>"; };
		163CB095283A1A92004F24AD /* TextFiledCustom.swift */ = {isa = PBXFileReference; lastKnownFileType = sourcecode.swift; path = TextFiledCustom.swift; sourceTree = "<group>"; };
		163CB097283A1AA6004F24AD /* ButtonCustom.swift */ = {isa = PBXFileReference; lastKnownFileType = sourcecode.swift; path = ButtonCustom.swift; sourceTree = "<group>"; };
/* End PBXFileReference section */

/* Begin PBXFrameworksBuildPhase section */
		163CB07828391C17004F24AD /* Frameworks */ = {
			isa = PBXFrameworksBuildPhase;
			buildActionMask = 2147483647;
			files = (
			);
			runOnlyForDeploymentPostprocessing = 0;
		};
/* End PBXFrameworksBuildPhase section */

/* Begin PBXGroup section */
		163CB07228391C17004F24AD = {
			isa = PBXGroup;
			children = (
				163CB07D28391C17004F24AD /* On This Day */,
				163CB07C28391C17004F24AD /* Products */,
			);
			sourceTree = "<group>";
		};
		163CB07C28391C17004F24AD /* Products */ = {
			isa = PBXGroup;
			children = (
				163CB07B28391C17004F24AD /* On This Day.app */,
			);
			name = Products;
			sourceTree = "<group>";
		};
		163CB07D28391C17004F24AD /* On This Day */ = {
			isa = PBXGroup;
			children = (
				163CB092283A1A5D004F24AD /* CustomComponent */,
				163CB07E28391C17004F24AD /* AppDelegate.swift */,
				163CB08028391C17004F24AD /* SceneDelegate.swift */,
				163CB08228391C17004F24AD /* ViewController.swift */,
				163CB08428391C17004F24AD /* Main.storyboard */,
				163CB08728391C19004F24AD /* Assets.xcassets */,
				163CB08928391C19004F24AD /* LaunchScreen.storyboard */,
				163CB08C28391C19004F24AD /* Info.plist */,
			);
			path = "On This Day";
			sourceTree = "<group>";
		};
		163CB092283A1A5D004F24AD /* CustomComponent */ = {
			isa = PBXGroup;
			children = (
				163CB094283A1A71004F24AD /* Button */,
				163CB093283A1A68004F24AD /* TextFill */,
			);
			path = CustomComponent;
			sourceTree = "<group>";
		};
		163CB093283A1A68004F24AD /* TextFill */ = {
			isa = PBXGroup;
			children = (
				163CB095283A1A92004F24AD /* TextFiledCustom.swift */,
			);
			path = TextFill;
			sourceTree = "<group>";
		};
		163CB094283A1A71004F24AD /* Button */ = {
			isa = PBXGroup;
			children = (
				163CB097283A1AA6004F24AD /* ButtonCustom.swift */,
			);
			path = Button;
			sourceTree = "<group>";
		};
/* End PBXGroup section */

/* Begin PBXNativeTarget section */
		163CB07A28391C17004F24AD /* On This Day */ = {
			isa = PBXNativeTarget;
			buildConfigurationList = 163CB08F28391C19004F24AD /* Build configuration list for PBXNativeTarget "On This Day" */;
			buildPhases = (
				163CB07728391C17004F24AD /* Sources */,
				163CB07828391C17004F24AD /* Frameworks */,
				163CB07928391C17004F24AD /* Resources */,
			);
			buildRules = (
			);
			dependencies = (
			);
			name = "On This Day";
			productName = "On This Day";
			productReference = 163CB07B28391C17004F24AD /* On This Day.app */;
			productType = "com.apple.product-type.application";
		};
/* End PBXNativeTarget section */

/* Begin PBXProject section */
		163CB07328391C17004F24AD /* Project object */ = {
			isa = PBXProject;
			attributes = {
				BuildIndependentTargetsInParallel = 1;
				LastSwiftUpdateCheck = 1320;
				LastUpgradeCheck = 1320;
				TargetAttributes = {
					163CB07A28391C17004F24AD = {
						CreatedOnToolsVersion = 13.2;
					};
				};
			};
			buildConfigurationList = 163CB07628391C17004F24AD /* Build configuration list for PBXProject "On This Day" */;
			compatibilityVersion = "Xcode 13.0";
			developmentRegion = en;
			hasScannedForEncodings = 0;
			knownRegions = (
				en,
				Base,
			);
			mainGroup = 163CB07228391C17004F24AD;
			productRefGroup = 163CB07C28391C17004F24AD /* Products */;
			projectDirPath = "";
			projectRoot = "";
			targets = (
				163CB07A28391C17004F24AD /* On This Day */,
			);
		};
/* End PBXProject section */

/* Begin PBXResourcesBuildPhase section */
		163CB07928391C17004F24AD /* Resources */ = {
			isa = PBXResourcesBuildPhase;
			buildActionMask = 2147483647;
			files = (
				163CB08B28391C19004F24AD /* LaunchScreen.storyboard in Resources */,
				163CB08828391C19004F24AD /* Assets.xcassets in Resources */,
				163CB08628391C17004F24AD /* Main.storyboard in Resources */,
			);
			runOnlyForDeploymentPostprocessing = 0;
		};
/* End PBXResourcesBuildPhase section */

/* Begin PBXSourcesBuildPhase section */
		163CB07728391C17004F24AD /* Sources */ = {
			isa = PBXSourcesBuildPhase;
			buildActionMask = 2147483647;
			files = (
				163CB096283A1A92004F24AD /* TextFiledCustom.swift in Sources */,
				163CB08328391C17004F24AD /* ViewController.swift in Sources */,
				163CB07F28391C17004F24AD /* AppDelegate.swift in Sources */,
				163CB098283A1AA6004F24AD /* ButtonCustom.swift in Sources */,
				163CB08128391C17004F24AD /* SceneDelegate.swift in Sources */,
			);
			runOnlyForDeploymentPostprocessing = 0;
		};
/* End PBXSourcesBuildPhase section */

/* Begin PBXVariantGroup section */
		163CB08428391C17004F24AD /* Main.storyboard */ = {
			isa = PBXVariantGroup;
			children = (
				163CB08528391C17004F24AD /* Base */,
			);
			name = Main.storyboard;
			sourceTree = "<group>";
		};
		163CB08928391C19004F24AD /* LaunchScreen.storyboard */ = {
			isa = PBXVariantGroup;
			children = (
				163CB08A28391C19004F24AD /* Base */,
			);
			name = LaunchScreen.storyboard;
			sourceTree = "<group>";
		};
/* End PBXVariantGroup section */

/* Begin XCBuildConfiguration section */
		163CB08D28391C19004F24AD /* Debug */ = {
			isa = XCBuildConfiguration;
			buildSettings = {
				ALWAYS_SEARCH_USER_PATHS = NO;
				CLANG_ANALYZER_NONNULL = YES;
				CLANG_ANALYZER_NUMBER_OBJECT_CONVERSION = YES_AGGRESSIVE;
				CLANG_CXX_LANGUAGE_STANDARD = "gnu++17";
				CLANG_CXX_LIBRARY = "libc++";
				CLANG_ENABLE_MODULES = YES;
				CLANG_ENABLE_OBJC_ARC = YES;
				CLANG_ENABLE_OBJC_WEAK = YES;
				CLANG_WARN_BLOCK_CAPTURE_AUTORELEASING = YES;
				CLANG_WARN_BOOL_CONVERSION = YES;
				CLANG_WARN_COMMA = YES;
				CLANG_WARN_CONSTANT_CONVERSION = YES;
				CLANG_WARN_DEPRECATED_OBJC_IMPLEMENTATIONS = YES;
				CLANG_WARN_DIRECT_OBJC_ISA_USAGE = YES_ERROR;
				CLANG_WARN_DOCUMENTATION_COMMENTS = YES;
				CLANG_WARN_EMPTY_BODY = YES;
				CLANG_WARN_ENUM_CONVERSION = YES;
				CLANG_WARN_INFINITE_RECURSION = YES;
				CLANG_WARN_INT_CONVERSION = YES;
				CLANG_WARN_NON_LITERAL_NULL_CONVERSION = YES;
				CLANG_WARN_OBJC_IMPLICIT_RETAIN_SELF = YES;
				CLANG_WARN_OBJC_LITERAL_CONVERSION = YES;
				CLANG_WARN_OBJC_ROOT_CLASS = YES_ERROR;
				CLANG_WARN_QUOTED_INCLUDE_IN_FRAMEWORK_HEADER = YES;
				CLANG_WARN_RANGE_LOOP_ANALYSIS = YES;
				CLANG_WARN_STRICT_PROTOTYPES = YES;
				CLANG_WARN_SUSPICIOUS_MOVE = YES;
				CLANG_WARN_UNGUARDED_AVAILABILITY = YES_AGGRESSIVE;
				CLANG_WARN_UNREACHABLE_CODE = YES;
				CLANG_WARN__DUPLICATE_METHOD_MATCH = YES;
				COPY_PHASE_STRIP = NO;
				DEBUG_INFORMATION_FORMAT = dwarf;
				ENABLE_STRICT_OBJC_MSGSEND = YES;
				ENABLE_TESTABILITY = YES;
				GCC_C_LANGUAGE_STANDARD = gnu11;
				GCC_DYNAMIC_NO_PIC = NO;
				GCC_NO_COMMON_BLOCKS = YES;
				GCC_OPTIMIZATION_LEVEL = 0;
				GCC_PREPROCESSOR_DEFINITIONS = (
					"DEBUG=1",
					"$(inherited)",
				);
				GCC_WARN_64_TO_32_BIT_CONVERSION = YES;
				GCC_WARN_ABOUT_RETURN_TYPE = YES_ERROR;
				GCC_WARN_UNDECLARED_SELECTOR = YES;
				GCC_WARN_UNINITIALIZED_AUTOS = YES_AGGRESSIVE;
				GCC_WARN_UNUSED_FUNCTION = YES;
				GCC_WARN_UNUSED_VARIABLE = YES;
				IPHONEOS_DEPLOYMENT_TARGET = 15.2;
				MTL_ENABLE_DEBUG_INFO = INCLUDE_SOURCE;
				MTL_FAST_MATH = YES;
				ONLY_ACTIVE_ARCH = YES;
				SDKROOT = iphoneos;
				SWIFT_ACTIVE_COMPILATION_CONDITIONS = DEBUG;
				SWIFT_OPTIMIZATION_LEVEL = "-Onone";
			};
			name = Debug;
		};
		163CB08E28391C19004F24AD /* Release */ = {
			isa = XCBuildConfiguration;
			buildSettings = {
				ALWAYS_SEARCH_USER_PATHS = NO;
				CLANG_ANALYZER_NONNULL = YES;
				CLANG_ANALYZER_NUMBER_OBJECT_CONVERSION = YES_AGGRESSIVE;
				CLANG_CXX_LANGUAGE_STANDARD = "gnu++17";
				CLANG_CXX_LIBRARY = "libc++";
				CLANG_ENABLE_MODULES = YES;
				CLANG_ENABLE_OBJC_ARC = YES;
				CLANG_ENABLE_OBJC_WEAK = YES;
				CLANG_WARN_BLOCK_CAPTURE_AUTORELEASING = YES;
				CLANG_WARN_BOOL_CONVERSION = YES;
				CLANG_WARN_COMMA = YES;
				CLANG_WARN_CONSTANT_CONVERSION = YES;
				CLANG_WARN_DEPRECATED_OBJC_IMPLEMENTATIONS = YES;
				CLANG_WARN_DIRECT_OBJC_ISA_USAGE = YES_ERROR;
				CLANG_WARN_DOCUMENTATION_COMMENTS = YES;
				CLANG_WARN_EMPTY_BODY = YES;
				CLANG_WARN_ENUM_CONVERSION = YES;
				CLANG_WARN_INFINITE_RECURSION = YES;
				CLANG_WARN_INT_CONVERSION = YES;
				CLANG_WARN_NON_LITERAL_NULL_CONVERSION = YES;
				CLANG_WARN_OBJC_IMPLICIT_RETAIN_SELF = YES;
				CLANG_WARN_OBJC_LITERAL_CONVERSION = YES;
				CLANG_WARN_OBJC_ROOT_CLASS = YES_ERROR;
				CLANG_WARN_QUOTED_INCLUDE_IN_FRAMEWORK_HEADER = YES;
				CLANG_WARN_RANGE_LOOP_ANALYSIS = YES;
				CLANG_WARN_STRICT_PROTOTYPES = YES;
				CLANG_WARN_SUSPICIOUS_MOVE = YES;
				CLANG_WARN_UNGUARDED_AVAILABILITY = YES_AGGRESSIVE;
				CLANG_WARN_UNREACHABLE_CODE = YES;
				CLANG_WARN__DUPLICATE_METHOD_MATCH = YES;
				COPY_PHASE_STRIP = NO;
				DEBUG_INFORMATION_FORMAT = "dwarf-with-dsym";
				ENABLE_NS_ASSERTIONS = NO;
				ENABLE_STRICT_OBJC_MSGSEND = YES;
				GCC_C_LANGUAGE_STANDARD = gnu11;
				GCC_NO_COMMON_BLOCKS = YES;
				GCC_WARN_64_TO_32_BIT_CONVERSION = YES;
				GCC_WARN_ABOUT_RETURN_TYPE = YES_ERROR;
				GCC_WARN_UNDECLARED_SELECTOR = YES;
				GCC_WARN_UNINITIALIZED_AUTOS = YES_AGGRESSIVE;
				GCC_WARN_UNUSED_FUNCTION = YES;
				GCC_WARN_UNUSED_VARIABLE = YES;
				IPHONEOS_DEPLOYMENT_TARGET = 15.2;
				MTL_ENABLE_DEBUG_INFO = NO;
				MTL_FAST_MATH = YES;
				SDKROOT = iphoneos;
				SWIFT_COMPILATION_MODE = wholemodule;
				SWIFT_OPTIMIZATION_LEVEL = "-O";
				VALIDATE_PRODUCT = YES;
			};
			name = Release;
		};
		163CB09028391C19004F24AD /* Debug */ = {
			isa = XCBuildConfiguration;
			buildSettings = {
				ASSETCATALOG_COMPILER_APPICON_NAME = AppIcon;
				ASSETCATALOG_COMPILER_GLOBAL_ACCENT_COLOR_NAME = AccentColor;
				CODE_SIGN_STYLE = Automatic;
				CURRENT_PROJECT_VERSION = 1;
				DEVELOPMENT_TEAM = AP58YLHQ2S;
				GENERATE_INFOPLIST_FILE = YES;
				INFOPLIST_FILE = "On This Day/Info.plist";
				INFOPLIST_KEY_UIApplicationSupportsIndirectInputEvents = YES;
				INFOPLIST_KEY_UILaunchStoryboardName = LaunchScreen;
				INFOPLIST_KEY_UIMainStoryboardFile = Main;
				INFOPLIST_KEY_UISupportedInterfaceOrientations_iPad = "UIInterfaceOrientationPortrait UIInterfaceOrientationPortraitUpsideDown UIInterfaceOrientationLandscapeLeft UIInterfaceOrientationLandscapeRight";
				INFOPLIST_KEY_UISupportedInterfaceOrientations_iPhone = "UIInterfaceOrientationPortrait UIInterfaceOrientationLandscapeLeft UIInterfaceOrientationLandscapeRight";
				LD_RUNPATH_SEARCH_PATHS = (
					"$(inherited)",
					"@executable_path/Frameworks",
				);
				MARKETING_VERSION = 1.0;
				PRODUCT_BUNDLE_IDENTIFIER = "com.tl.onthisday.On-This-Day";
				PRODUCT_NAME = "$(TARGET_NAME)";
				SWIFT_EMIT_LOC_STRINGS = YES;
				SWIFT_VERSION = 5.0;
				TARGETED_DEVICE_FAMILY = "1,2";
			};
			name = Debug;
		};
		163CB09128391C19004F24AD /* Release */ = {
			isa = XCBuildConfiguration;
			buildSettings = {
				ASSETCATALOG_COMPILER_APPICON_NAME = AppIcon;
				ASSETCATALOG_COMPILER_GLOBAL_ACCENT_COLOR_NAME = AccentColor;
				CODE_SIGN_STYLE = Automatic;
				CURRENT_PROJECT_VERSION = 1;
				DEVELOPMENT_TEAM = AP58YLHQ2S;
				GENERATE_INFOPLIST_FILE = YES;
				INFOPLIST_FILE = "On This Day/Info.plist";
				INFOPLIST_KEY_UIApplicationSupportsIndirectInputEvents = YES;
				INFOPLIST_KEY_UILaunchStoryboardName = LaunchScreen;
				INFOPLIST_KEY_UIMainStoryboardFile = Main;
				INFOPLIST_KEY_UISupportedInterfaceOrientations_iPad = "UIInterfaceOrientationPortrait UIInterfaceOrientationPortraitUpsideDown UIInterfaceOrientationLandscapeLeft UIInterfaceOrientationLandscapeRight";
				INFOPLIST_KEY_UISupportedInterfaceOrientations_iPhone = "UIInterfaceOrientationPortrait UIInterfaceOrientationLandscapeLeft UIInterfaceOrientationLandscapeRight";
				LD_RUNPATH_SEARCH_PATHS = (
					"$(inherited)",
					"@executable_path/Frameworks",
				);
				MARKETING_VERSION = 1.0;
				PRODUCT_BUNDLE_IDENTIFIER = "com.tl.onthisday.On-This-Day";
				PRODUCT_NAME = "$(TARGET_NAME)";
				SWIFT_EMIT_LOC_STRINGS = YES;
				SWIFT_VERSION = 5.0;
				TARGETED_DEVICE_FAMILY = "1,2";
			};
			name = Release;
		};
/* End XCBuildConfiguration section */

/* Begin XCConfigurationList section */
		163CB07628391C17004F24AD /* Build configuration list for PBXProject "On This Day" */ = {
			isa = XCConfigurationList;
			buildConfigurations = (
				163CB08D28391C19004F24AD /* Debug */,
				163CB08E28391C19004F24AD /* Release */,
			);
			defaultConfigurationIsVisible = 0;
			defaultConfigurationName = Release;
		};
		163CB08F28391C19004F24AD /* Build configuration list for PBXNativeTarget "On This Day" */ = {
			isa = XCConfigurationList;
			buildConfigurations = (
				163CB09028391C19004F24AD /* Debug */,
				163CB09128391C19004F24AD /* Release */,
			);
			defaultConfigurationIsVisible = 0;
			defaultConfigurationName = Release;
		};
/* End XCConfigurationList section */
	};
	rootObject = 163CB07328391C17004F24AD /* Project object */;
}
